// !$*UTF8*$!
{
	archiveVersion = 1;
	classes = {
	};
	objectVersion = 46;
	objects = {

/* Begin PBXBuildFile section */
		1A78417D1AE79B6F00B1E994 /* RenderViewController.m in Sources */ = {isa = PBXBuildFile; fileRef = 1A78417B1AE79B6F00B1E994 /* RenderViewController.m */; };
		1A78417E1AE79B6F00B1E994 /* RenderViewController.xib in Resources */ = {isa = PBXBuildFile; fileRef = 1A78417C1AE79B6F00B1E994 /* RenderViewController.xib */; };
		1ABD28C81ADFB83B00ADBE75 /* main.m in Sources */ = {isa = PBXBuildFile; fileRef = 1ABD28C71ADFB83B00ADBE75 /* main.m */; };
		1ABD28CB1ADFB83B00ADBE75 /* AppDelegate.m in Sources */ = {isa = PBXBuildFile; fileRef = 1ABD28CA1ADFB83B00ADBE75 /* AppDelegate.m */; };
		1ABD28D21ADFB83B00ADBE75 /* GestureViewController.m in Sources */ = {isa = PBXBuildFile; fileRef = 1ABD28D11ADFB83B00ADBE75 /* GestureViewController.m */; };
		1ABD28D51ADFB83B00ADBE75 /* Main.storyboard in Resources */ = {isa = PBXBuildFile; fileRef = 1ABD28D31ADFB83B00ADBE75 /* Main.storyboard */; };
		1ABD28D71ADFB83B00ADBE75 /* Images.xcassets in Resources */ = {isa = PBXBuildFile; fileRef = 1ABD28D61ADFB83B00ADBE75 /* Images.xcassets */; };
		1ABD28DA1ADFB83B00ADBE75 /* LaunchScreen.xib in Resources */ = {isa = PBXBuildFile; fileRef = 1ABD28D81ADFB83B00ADBE75 /* LaunchScreen.xib */; };
		1ABD28E61ADFB83B00ADBE75 /* msetTests.m in Sources */ = {isa = PBXBuildFile; fileRef = 1ABD28E51ADFB83B00ADBE75 /* msetTests.m */; };
		1ABD28F81ADFBEFC00ADBE75 /* NSExtensions.m in Sources */ = {isa = PBXBuildFile; fileRef = 1ABD28F21ADFBEFC00ADBE75 /* NSExtensions.m */; };
		1ABD28F91ADFBEFC00ADBE75 /* Program.m in Sources */ = {isa = PBXBuildFile; fileRef = 1ABD28F41ADFBEFC00ADBE75 /* Program.m */; };
		1ABD28FA1ADFBEFC00ADBE75 /* RenderingState.m in Sources */ = {isa = PBXBuildFile; fileRef = 1ABD28F61ADFBEFC00ADBE75 /* RenderingState.m */; };
		1ABD28FC1ADFC02600ADBE75 /* Foundation.framework in Frameworks */ = {isa = PBXBuildFile; fileRef = 1ABD28FB1ADFC02600ADBE75 /* Foundation.framework */; };
		330479861AF41636007EBDA4 /* pal.png in Resources */ = {isa = PBXBuildFile; fileRef = 330479851AF41636007EBDA4 /* pal.png */; };
		7852F973FA343BD1473FE379 /* Quad.m in Sources */ = {isa = PBXBuildFile; fileRef = 7852FC2153618F47957D913D /* Quad.m */; };
		7852FFB3C02841F4A83D4605 /* ComplexPlane.m in Sources */ = {isa = PBXBuildFile; fileRef = 7852F8A081DF55243454C0E9 /* ComplexPlane.m */; };
		B1B19B561102711171B0EB61 /* Texture.m in Sources */ = {isa = PBXBuildFile; fileRef = B1B19B6397B9191F2214BCAE /* Texture.m */; };
		B1B19D81CF4B0BDDD7E7CFB1 /* MandelbrotSet.m in Sources */ = {isa = PBXBuildFile; fileRef = B1B194B1A06D82276DDF7D97 /* MandelbrotSet.m */; };
		B1B19FEBBF46DD8F8BDF312E /* Configuration.m in Sources */ = {isa = PBXBuildFile; fileRef = B1B19BCA584567D8BDA77FC0 /* Configuration.m */; };
/* End PBXBuildFile section */

/* Begin PBXContainerItemProxy section */
		1ABD28E01ADFB83B00ADBE75 /* PBXContainerItemProxy */ = {
			isa = PBXContainerItemProxy;
			containerPortal = 1ABD28BA1ADFB83B00ADBE75 /* Project object */;
			proxyType = 1;
			remoteGlobalIDString = 1ABD28C11ADFB83B00ADBE75;
			remoteInfo = mset;
		};
/* End PBXContainerItemProxy section */

/* Begin PBXFileReference section */
		1A78417A1AE79B6F00B1E994 /* RenderViewController.h */ = {isa = PBXFileReference; fileEncoding = 4; lastKnownFileType = sourcecode.c.h; path = RenderViewController.h; sourceTree = "<group>"; };
		1A78417B1AE79B6F00B1E994 /* RenderViewController.m */ = {isa = PBXFileReference; fileEncoding = 4; lastKnownFileType = sourcecode.c.objc; path = RenderViewController.m; sourceTree = "<group>"; };
		1A78417C1AE79B6F00B1E994 /* RenderViewController.xib */ = {isa = PBXFileReference; fileEncoding = 4; lastKnownFileType = file.xib; path = RenderViewController.xib; sourceTree = "<group>"; };
		1ABD28C21ADFB83B00ADBE75 /* mset.app */ = {isa = PBXFileReference; explicitFileType = wrapper.application; includeInIndex = 0; path = mset.app; sourceTree = BUILT_PRODUCTS_DIR; };
		1ABD28C61ADFB83B00ADBE75 /* Info.plist */ = {isa = PBXFileReference; lastKnownFileType = text.plist.xml; path = Info.plist; sourceTree = "<group>"; };
		1ABD28C71ADFB83B00ADBE75 /* main.m */ = {isa = PBXFileReference; lastKnownFileType = sourcecode.c.objc; path = main.m; sourceTree = "<group>"; };
		1ABD28C91ADFB83B00ADBE75 /* AppDelegate.h */ = {isa = PBXFileReference; lastKnownFileType = sourcecode.c.h; path = AppDelegate.h; sourceTree = "<group>"; };
		1ABD28CA1ADFB83B00ADBE75 /* AppDelegate.m */ = {isa = PBXFileReference; lastKnownFileType = sourcecode.c.objc; path = AppDelegate.m; sourceTree = "<group>"; };
		1ABD28D01ADFB83B00ADBE75 /* GestureViewController.h */ = {isa = PBXFileReference; lastKnownFileType = sourcecode.c.h; path = GestureViewController.h; sourceTree = "<group>"; };
		1ABD28D11ADFB83B00ADBE75 /* GestureViewController.m */ = {isa = PBXFileReference; lastKnownFileType = sourcecode.c.objc; path = GestureViewController.m; sourceTree = "<group>"; };
		1ABD28D41ADFB83B00ADBE75 /* Base */ = {isa = PBXFileReference; lastKnownFileType = file.storyboard; name = Base; path = Base.lproj/Main.storyboard; sourceTree = "<group>"; };
		1ABD28D61ADFB83B00ADBE75 /* Images.xcassets */ = {isa = PBXFileReference; lastKnownFileType = folder.assetcatalog; path = Images.xcassets; sourceTree = "<group>"; };
		1ABD28D91ADFB83B00ADBE75 /* Base */ = {isa = PBXFileReference; lastKnownFileType = file.xib; name = Base; path = Base.lproj/LaunchScreen.xib; sourceTree = "<group>"; };
		1ABD28DF1ADFB83B00ADBE75 /* msetTests.xctest */ = {isa = PBXFileReference; explicitFileType = wrapper.cfbundle; includeInIndex = 0; path = msetTests.xctest; sourceTree = BUILT_PRODUCTS_DIR; };
		1ABD28E41ADFB83B00ADBE75 /* Info.plist */ = {isa = PBXFileReference; lastKnownFileType = text.plist.xml; path = Info.plist; sourceTree = "<group>"; };
		1ABD28E51ADFB83B00ADBE75 /* msetTests.m */ = {isa = PBXFileReference; lastKnownFileType = sourcecode.c.objc; path = msetTests.m; sourceTree = "<group>"; };
		1ABD28F11ADFBEFC00ADBE75 /* NSExtensions.h */ = {isa = PBXFileReference; fileEncoding = 4; lastKnownFileType = sourcecode.c.h; path = NSExtensions.h; sourceTree = "<group>"; };
		1ABD28F21ADFBEFC00ADBE75 /* NSExtensions.m */ = {isa = PBXFileReference; fileEncoding = 4; lastKnownFileType = sourcecode.c.objc; path = NSExtensions.m; sourceTree = "<group>"; };
		1ABD28F31ADFBEFC00ADBE75 /* Program.h */ = {isa = PBXFileReference; fileEncoding = 4; lastKnownFileType = sourcecode.c.h; path = Program.h; sourceTree = "<group>"; };
		1ABD28F41ADFBEFC00ADBE75 /* Program.m */ = {isa = PBXFileReference; fileEncoding = 4; lastKnownFileType = sourcecode.c.objc; path = Program.m; sourceTree = "<group>"; };
		1ABD28F51ADFBEFC00ADBE75 /* RenderingState.h */ = {isa = PBXFileReference; fileEncoding = 4; lastKnownFileType = sourcecode.c.h; path = RenderingState.h; sourceTree = "<group>"; };
		1ABD28F61ADFBEFC00ADBE75 /* RenderingState.m */ = {isa = PBXFileReference; fileEncoding = 4; lastKnownFileType = sourcecode.c.objc; path = RenderingState.m; sourceTree = "<group>"; };
		1ABD28FB1ADFC02600ADBE75 /* Foundation.framework */ = {isa = PBXFileReference; lastKnownFileType = wrapper.framework; name = Foundation.framework; path = System/Library/Frameworks/Foundation.framework; sourceTree = SDKROOT; };
		1ABD28FD1ADFC1A400ADBE75 /* Mset.h */ = {isa = PBXFileReference; lastKnownFileType = sourcecode.c.h; path = Mset.h; sourceTree = "<group>"; };
		330479851AF41636007EBDA4 /* pal.png */ = {isa = PBXFileReference; lastKnownFileType = image.png; name = pal.png; path = assets/pal.png; sourceTree = SOURCE_ROOT; };
		7852F06AE5F06F7A3E9F2523 /* ComplexPlane.h */ = {isa = PBXFileReference; fileEncoding = 4; lastKnownFileType = sourcecode.c.h; path = ComplexPlane.h; sourceTree = "<group>"; };
		7852F7AD1EB6D5AEE29B0A91 /* Quad.h */ = {isa = PBXFileReference; fileEncoding = 4; lastKnownFileType = sourcecode.c.h; path = Quad.h; sourceTree = "<group>"; };
		7852F8A081DF55243454C0E9 /* ComplexPlane.m */ = {isa = PBXFileReference; fileEncoding = 4; lastKnownFileType = sourcecode.c.objc; path = ComplexPlane.m; sourceTree = "<group>"; };
		7852F96D778A6599D7702BB0 /* Util.h */ = {isa = PBXFileReference; fileEncoding = 4; lastKnownFileType = sourcecode.c.h; path = Util.h; sourceTree = "<group>"; };
		7852FC2153618F47957D913D /* Quad.m */ = {isa = PBXFileReference; fileEncoding = 4; lastKnownFileType = sourcecode.c.objc; path = Quad.m; sourceTree = "<group>"; };
		7852FDBD84053EAB75CC0700 /* DisplayObject.h */ = {isa = PBXFileReference; fileEncoding = 4; lastKnownFileType = sourcecode.c.h; path = DisplayObject.h; sourceTree = "<group>"; };
		B1B194B1A06D82276DDF7D97 /* MandelbrotSet.m */ = {isa = PBXFileReference; fileEncoding = 4; lastKnownFileType = sourcecode.c.objc; path = MandelbrotSet.m; sourceTree = "<group>"; };
		B1B194DB8999B6530B8134C2 /* Fractal.h */ = {isa = PBXFileReference; fileEncoding = 4; lastKnownFileType = sourcecode.c.h; path = Fractal.h; sourceTree = "<group>"; };
		B1B198CE5251F54D818CB295 /* Texture.h */ = {isa = PBXFileReference; fileEncoding = 4; lastKnownFileType = sourcecode.c.h; path = Texture.h; sourceTree = "<group>"; };
		B1B19930662819024C4F41E4 /* Configuration.h */ = {isa = PBXFileReference; fileEncoding = 4; lastKnownFileType = sourcecode.c.h; path = Configuration.h; sourceTree = "<group>"; };
		B1B19B6397B9191F2214BCAE /* Texture.m */ = {isa = PBXFileReference; fileEncoding = 4; lastKnownFileType = sourcecode.c.objc; path = Texture.m; sourceTree = "<group>"; };
		B1B19BCA584567D8BDA77FC0 /* Configuration.m */ = {isa = PBXFileReference; fileEncoding = 4; lastKnownFileType = sourcecode.c.objc; path = Configuration.m; sourceTree = "<group>"; };
		B1B19E8ECFCD846EC3C2D152 /* MandelbrotSet.h */ = {isa = PBXFileReference; fileEncoding = 4; lastKnownFileType = sourcecode.c.h; path = MandelbrotSet.h; sourceTree = "<group>"; };
/* End PBXFileReference section */

/* Begin PBXFrameworksBuildPhase section */
		1ABD28BF1ADFB83B00ADBE75 /* Frameworks */ = {
			isa = PBXFrameworksBuildPhase;
			buildActionMask = 2147483647;
			files = (
				1ABD28FC1ADFC02600ADBE75 /* Foundation.framework in Frameworks */,
			);
			runOnlyForDeploymentPostprocessing = 0;
		};
		1ABD28DC1ADFB83B00ADBE75 /* Frameworks */ = {
			isa = PBXFrameworksBuildPhase;
			buildActionMask = 2147483647;
			files = (
			);
			runOnlyForDeploymentPostprocessing = 0;
		};
/* End PBXFrameworksBuildPhase section */

/* Begin PBXGroup section */
		1ABD28B91ADFB83B00ADBE75 = {
			isa = PBXGroup;
			children = (
				1ABD28FB1ADFC02600ADBE75 /* Foundation.framework */,
				1ABD28C41ADFB83B00ADBE75 /* mset */,
				1ABD28E21ADFB83B00ADBE75 /* msetTests */,
				1ABD28C31ADFB83B00ADBE75 /* Products */,
			);
			sourceTree = "<group>";
		};
		1ABD28C31ADFB83B00ADBE75 /* Products */ = {
			isa = PBXGroup;
			children = (
				1ABD28C21ADFB83B00ADBE75 /* mset.app */,
				1ABD28DF1ADFB83B00ADBE75 /* msetTests.xctest */,
			);
			name = Products;
			sourceTree = "<group>";
		};
		1ABD28C41ADFB83B00ADBE75 /* mset */ = {
			isa = PBXGroup;
			children = (
				330479841AF4162A007EBDA4 /* assets */,
				1ABD28C91ADFB83B00ADBE75 /* AppDelegate.h */,
				1ABD28CA1ADFB83B00ADBE75 /* AppDelegate.m */,
				7852F06AE5F06F7A3E9F2523 /* ComplexPlane.h */,
				7852F8A081DF55243454C0E9 /* ComplexPlane.m */,
				B1B19930662819024C4F41E4 /* Configuration.h */,
				B1B19BCA584567D8BDA77FC0 /* Configuration.m */,
				B1B194DB8999B6530B8134C2 /* Fractal.h */,
				1ABD28D01ADFB83B00ADBE75 /* GestureViewController.h */,
				1ABD28D11ADFB83B00ADBE75 /* GestureViewController.m */,
				1ABD28D61ADFB83B00ADBE75 /* Images.xcassets */,
				1ABD28D81ADFB83B00ADBE75 /* LaunchScreen.xib */,
				1ABD28D31ADFB83B00ADBE75 /* Main.storyboard */,
				B1B19E8ECFCD846EC3C2D152 /* MandelbrotSet.h */,
				B1B194B1A06D82276DDF7D97 /* MandelbrotSet.m */,
				1ABD28FD1ADFC1A400ADBE75 /* Mset.h */,
				1ABD28F11ADFBEFC00ADBE75 /* NSExtensions.h */,
				1ABD28F21ADFBEFC00ADBE75 /* NSExtensions.m */,
				1ABD28F31ADFBEFC00ADBE75 /* Program.h */,
				1ABD28F41ADFBEFC00ADBE75 /* Program.m */,
				7852F7AD1EB6D5AEE29B0A91 /* Quad.h */,
				7852FC2153618F47957D913D /* Quad.m */,
				1ABD28F51ADFBEFC00ADBE75 /* RenderingState.h */,
				1ABD28F61ADFBEFC00ADBE75 /* RenderingState.m */,
				1A78417A1AE79B6F00B1E994 /* RenderViewController.h */,
				1A78417B1AE79B6F00B1E994 /* RenderViewController.m */,
				1A78417C1AE79B6F00B1E994 /* RenderViewController.xib */,
				1ABD28C51ADFB83B00ADBE75 /* Supporting Files */,
				B1B198CE5251F54D818CB295 /* Texture.h */,
				B1B19B6397B9191F2214BCAE /* Texture.m */,
				7852F96D778A6599D7702BB0 /* Util.h */,
				7852FDBD84053EAB75CC0700 /* DisplayObject.h */,
			);
			path = mset;
			sourceTree = "<group>";
		};
		1ABD28C51ADFB83B00ADBE75 /* Supporting Files */ = {
			isa = PBXGroup;
			children = (
				1ABD28C61ADFB83B00ADBE75 /* Info.plist */,
				1ABD28C71ADFB83B00ADBE75 /* main.m */,
			);
			name = "Supporting Files";
			sourceTree = "<group>";
		};
		1ABD28E21ADFB83B00ADBE75 /* msetTests */ = {
			isa = PBXGroup;
			children = (
				1ABD28E51ADFB83B00ADBE75 /* msetTests.m */,
				1ABD28E31ADFB83B00ADBE75 /* Supporting Files */,
			);
			path = msetTests;
			sourceTree = "<group>";
		};
		1ABD28E31ADFB83B00ADBE75 /* Supporting Files */ = {
			isa = PBXGroup;
			children = (
				1ABD28E41ADFB83B00ADBE75 /* Info.plist */,
			);
			name = "Supporting Files";
			sourceTree = "<group>";
		};
		330479841AF4162A007EBDA4 /* assets */ = {
			isa = PBXGroup;
			children = (
				330479851AF41636007EBDA4 /* pal.png */,
			);
			name = assets;
			sourceTree = "<group>";
		};
/* End PBXGroup section */

/* Begin PBXNativeTarget section */
		1ABD28C11ADFB83B00ADBE75 /* mset */ = {
			isa = PBXNativeTarget;
			buildConfigurationList = 1ABD28E91ADFB83B00ADBE75 /* Build configuration list for PBXNativeTarget "mset" */;
			buildPhases = (
				1ABD28BE1ADFB83B00ADBE75 /* Sources */,
				1ABD28BF1ADFB83B00ADBE75 /* Frameworks */,
				1ABD28C01ADFB83B00ADBE75 /* Resources */,
			);
			buildRules = (
			);
			dependencies = (
			);
			name = mset;
			productName = mset;
			productReference = 1ABD28C21ADFB83B00ADBE75 /* mset.app */;
			productType = "com.apple.product-type.application";
		};
		1ABD28DE1ADFB83B00ADBE75 /* msetTests */ = {
			isa = PBXNativeTarget;
			buildConfigurationList = 1ABD28EC1ADFB83B00ADBE75 /* Build configuration list for PBXNativeTarget "msetTests" */;
			buildPhases = (
				1ABD28DB1ADFB83B00ADBE75 /* Sources */,
				1ABD28DC1ADFB83B00ADBE75 /* Frameworks */,
				1ABD28DD1ADFB83B00ADBE75 /* Resources */,
			);
			buildRules = (
			);
			dependencies = (
				1ABD28E11ADFB83B00ADBE75 /* PBXTargetDependency */,
			);
			name = msetTests;
			productName = msetTests;
			productReference = 1ABD28DF1ADFB83B00ADBE75 /* msetTests.xctest */;
			productType = "com.apple.product-type.bundle.unit-test";
		};
/* End PBXNativeTarget section */

/* Begin PBXProject section */
		1ABD28BA1ADFB83B00ADBE75 /* Project object */ = {
			isa = PBXProject;
			attributes = {
				LastUpgradeCheck = 0630;
				ORGANIZATIONNAME = "Jonathan Slater";
				TargetAttributes = {
					1ABD28C11ADFB83B00ADBE75 = {
						CreatedOnToolsVersion = 6.3;
					};
					1ABD28DE1ADFB83B00ADBE75 = {
						CreatedOnToolsVersion = 6.3;
						TestTargetID = 1ABD28C11ADFB83B00ADBE75;
					};
				};
			};
			buildConfigurationList = 1ABD28BD1ADFB83B00ADBE75 /* Build configuration list for PBXProject "mset" */;
			compatibilityVersion = "Xcode 3.2";
			developmentRegion = English;
			hasScannedForEncodings = 0;
			knownRegions = (
				en,
				Base,
			);
			mainGroup = 1ABD28B91ADFB83B00ADBE75;
			productRefGroup = 1ABD28C31ADFB83B00ADBE75 /* Products */;
			projectDirPath = "";
			projectRoot = "";
			targets = (
				1ABD28C11ADFB83B00ADBE75 /* mset */,
				1ABD28DE1ADFB83B00ADBE75 /* msetTests */,
			);
		};
/* End PBXProject section */

/* Begin PBXResourcesBuildPhase section */
		1ABD28C01ADFB83B00ADBE75 /* Resources */ = {
			isa = PBXResourcesBuildPhase;
			buildActionMask = 2147483647;
			files = (
				1A78417E1AE79B6F00B1E994 /* RenderViewController.xib in Resources */,
				330479861AF41636007EBDA4 /* pal.png in Resources */,
				1ABD28DA1ADFB83B00ADBE75 /* LaunchScreen.xib in Resources */,
				1ABD28D51ADFB83B00ADBE75 /* Main.storyboard in Resources */,
				1ABD28D71ADFB83B00ADBE75 /* Images.xcassets in Resources */,
			);
			runOnlyForDeploymentPostprocessing = 0;
		};
		1ABD28DD1ADFB83B00ADBE75 /* Resources */ = {
			isa = PBXResourcesBuildPhase;
			buildActionMask = 2147483647;
			files = (
			);
			runOnlyForDeploymentPostprocessing = 0;
		};
/* End PBXResourcesBuildPhase section */

/* Begin PBXSourcesBuildPhase section */
		1ABD28BE1ADFB83B00ADBE75 /* Sources */ = {
			isa = PBXSourcesBuildPhase;
			buildActionMask = 2147483647;
			files = (
				1ABD28F91ADFBEFC00ADBE75 /* Program.m in Sources */,
				1ABD28FA1ADFBEFC00ADBE75 /* RenderingState.m in Sources */,
				1ABD28F81ADFBEFC00ADBE75 /* NSExtensions.m in Sources */,
				1ABD28CB1ADFB83B00ADBE75 /* AppDelegate.m in Sources */,
				1A78417D1AE79B6F00B1E994 /* RenderViewController.m in Sources */,
				1ABD28D21ADFB83B00ADBE75 /* GestureViewController.m in Sources */,
				1ABD28C81ADFB83B00ADBE75 /* main.m in Sources */,
				B1B19B561102711171B0EB61 /* Texture.m in Sources */,
				7852F973FA343BD1473FE379 /* Quad.m in Sources */,
				B1B19FEBBF46DD8F8BDF312E /* Configuration.m in Sources */,
				B1B19D81CF4B0BDDD7E7CFB1 /* MandelbrotSet.m in Sources */,
				7852FFB3C02841F4A83D4605 /* ComplexPlane.m in Sources */,
			);
			runOnlyForDeploymentPostprocessing = 0;
		};
		1ABD28DB1ADFB83B00ADBE75 /* Sources */ = {
			isa = PBXSourcesBuildPhase;
			buildActionMask = 2147483647;
			files = (
				1ABD28E61ADFB83B00ADBE75 /* msetTests.m in Sources */,
			);
			runOnlyForDeploymentPostprocessing = 0;
		};
/* End PBXSourcesBuildPhase section */

/* Begin PBXTargetDependency section */
		1ABD28E11ADFB83B00ADBE75 /* PBXTargetDependency */ = {
			isa = PBXTargetDependency;
			target = 1ABD28C11ADFB83B00ADBE75 /* mset */;
			targetProxy = 1ABD28E01ADFB83B00ADBE75 /* PBXContainerItemProxy */;
		};
/* End PBXTargetDependency section */

/* Begin PBXVariantGroup section */
		1ABD28D31ADFB83B00ADBE75 /* Main.storyboard */ = {
			isa = PBXVariantGroup;
			children = (
				1ABD28D41ADFB83B00ADBE75 /* Base */,
			);
			name = Main.storyboard;
			sourceTree = "<group>";
		};
		1ABD28D81ADFB83B00ADBE75 /* LaunchScreen.xib */ = {
			isa = PBXVariantGroup;
			children = (
				1ABD28D91ADFB83B00ADBE75 /* Base */,
			);
			name = LaunchScreen.xib;
			sourceTree = "<group>";
		};
/* End PBXVariantGroup section */

/* Begin XCBuildConfiguration section */
		1ABD28E71ADFB83B00ADBE75 /* Debug */ = {
			isa = XCBuildConfiguration;
			buildSettings = {
				ALWAYS_SEARCH_USER_PATHS = NO;
				CLANG_CXX_LANGUAGE_STANDARD = "gnu++0x";
				CLANG_CXX_LIBRARY = "libc++";
				CLANG_ENABLE_MODULES = YES;
				CLANG_ENABLE_OBJC_ARC = YES;
				CLANG_WARN_BOOL_CONVERSION = YES;
				CLANG_WARN_CONSTANT_CONVERSION = YES;
				CLANG_WARN_DEPRECATED_OBJC_IMPLEMENTATIONS = YES;
				CLANG_WARN_DIRECT_OBJC_ISA_USAGE = YES_ERROR;
				CLANG_WARN_EMPTY_BODY = YES;
				CLANG_WARN_ENUM_CONVERSION = YES;
				CLANG_WARN_IMPLICIT_SIGN_CONVERSION = YES;
				CLANG_WARN_INT_CONVERSION = YES;
				CLANG_WARN_OBJC_EXPLICIT_OWNERSHIP_TYPE = YES;
				CLANG_WARN_OBJC_IMPLICIT_ATOMIC_PROPERTIES = YES;
				CLANG_WARN_OBJC_IMPLICIT_RETAIN_SELF = YES;
				CLANG_WARN_OBJC_MISSING_PROPERTY_SYNTHESIS = NO;
				CLANG_WARN_OBJC_RECEIVER_WEAK = YES;
				CLANG_WARN_OBJC_REPEATED_USE_OF_WEAK = YES;
				CLANG_WARN_OBJC_ROOT_CLASS = YES_ERROR;
				CLANG_WARN_UNREACHABLE_CODE = YES;
				CLANG_WARN__DUPLICATE_METHOD_MATCH = YES;
				CODE_SIGN_IDENTITY = "iPhone Developer: Jon Slater (888G6NMMQD)";
				"CODE_SIGN_IDENTITY[sdk=iphoneos*]" = "iPhone Developer: Jon Slater (888G6NMMQD)";
				COPY_PHASE_STRIP = NO;
				DEBUG_INFORMATION_FORMAT = "dwarf-with-dsym";
				ENABLE_STRICT_OBJC_MSGSEND = YES;
				GCC_C_LANGUAGE_STANDARD = gnu99;
				GCC_DYNAMIC_NO_PIC = NO;
				GCC_NO_COMMON_BLOCKS = YES;
				GCC_OPTIMIZATION_LEVEL = 0;
				GCC_PREPROCESSOR_DEFINITIONS = (
					"DEBUG=1",
					"$(inherited)",
				);
				GCC_SYMBOLS_PRIVATE_EXTERN = NO;
				GCC_WARN_64_TO_32_BIT_CONVERSION = YES;
				GCC_WARN_ABOUT_RETURN_TYPE = YES_ERROR;
				GCC_WARN_FOUR_CHARACTER_CONSTANTS = YES;
				GCC_WARN_MULTIPLE_DEFINITION_TYPES_FOR_SELECTOR = YES;
				GCC_WARN_SHADOW = YES;
				GCC_WARN_STRICT_SELECTOR_MATCH = YES;
				GCC_WARN_UNDECLARED_SELECTOR = YES;
				GCC_WARN_UNINITIALIZED_AUTOS = YES_AGGRESSIVE;
				GCC_WARN_UNUSED_FUNCTION = NO;
				GCC_WARN_UNUSED_VARIABLE = YES;
				IPHONEOS_DEPLOYMENT_TARGET = 7.0;
				MTL_ENABLE_DEBUG_INFO = YES;
				ONLY_ACTIVE_ARCH = YES;
				PROVISIONING_PROFILE = "";
				SDKROOT = iphoneos;
				TARGETED_DEVICE_FAMILY = "1,2";
			};
			name = Debug;
		};
		1ABD28E81ADFB83B00ADBE75 /* Release */ = {
			isa = XCBuildConfiguration;
			buildSettings = {
				ALWAYS_SEARCH_USER_PATHS = NO;
				CLANG_CXX_LANGUAGE_STANDARD = "gnu++0x";
				CLANG_CXX_LIBRARY = "libc++";
				CLANG_ENABLE_MODULES = YES;
				CLANG_ENABLE_OBJC_ARC = YES;
				CLANG_WARN_BOOL_CONVERSION = YES;
				CLANG_WARN_CONSTANT_CONVERSION = YES;
				CLANG_WARN_DEPRECATED_OBJC_IMPLEMENTATIONS = YES;
				CLANG_WARN_DIRECT_OBJC_ISA_USAGE = YES_ERROR;
				CLANG_WARN_EMPTY_BODY = YES;
				CLANG_WARN_ENUM_CONVERSION = YES;
				CLANG_WARN_IMPLICIT_SIGN_CONVERSION = YES;
				CLANG_WARN_INT_CONVERSION = YES;
				CLANG_WARN_OBJC_EXPLICIT_OWNERSHIP_TYPE = YES;
				CLANG_WARN_OBJC_IMPLICIT_ATOMIC_PROPERTIES = YES;
				CLANG_WARN_OBJC_IMPLICIT_RETAIN_SELF = YES;
				CLANG_WARN_OBJC_MISSING_PROPERTY_SYNTHESIS = NO;
				CLANG_WARN_OBJC_RECEIVER_WEAK = YES;
				CLANG_WARN_OBJC_REPEATED_USE_OF_WEAK = YES;
				CLANG_WARN_OBJC_ROOT_CLASS = YES_ERROR;
				CLANG_WARN_UNREACHABLE_CODE = YES;
				CLANG_WARN__DUPLICATE_METHOD_MATCH = YES;
				CODE_SIGN_IDENTITY = "iPhone Developer: Jon Slater (888G6NMMQD)";
				"CODE_SIGN_IDENTITY[sdk=iphoneos*]" = "iPhone Developer: Jon Slater (888G6NMMQD)";
				COPY_PHASE_STRIP = NO;
				DEBUG_INFORMATION_FORMAT = "dwarf-with-dsym";
				ENABLE_NS_ASSERTIONS = NO;
				ENABLE_STRICT_OBJC_MSGSEND = YES;
				GCC_C_LANGUAGE_STANDARD = gnu99;
				GCC_NO_COMMON_BLOCKS = YES;
				GCC_WARN_64_TO_32_BIT_CONVERSION = YES;
				GCC_WARN_ABOUT_RETURN_TYPE = YES_ERROR;
				GCC_WARN_FOUR_CHARACTER_CONSTANTS = YES;
				GCC_WARN_MULTIPLE_DEFINITION_TYPES_FOR_SELECTOR = YES;
				GCC_WARN_SHADOW = YES;
				GCC_WARN_STRICT_SELECTOR_MATCH = YES;
				GCC_WARN_UNDECLARED_SELECTOR = YES;
				GCC_WARN_UNINITIALIZED_AUTOS = YES_AGGRESSIVE;
				GCC_WARN_UNUSED_FUNCTION = NO;
				GCC_WARN_UNUSED_VARIABLE = YES;
				IPHONEOS_DEPLOYMENT_TARGET = 7.0;
				MTL_ENABLE_DEBUG_INFO = NO;
				PROVISIONING_PROFILE = "";
				SDKROOT = iphoneos;
				TARGETED_DEVICE_FAMILY = "1,2";
				VALIDATE_PRODUCT = YES;
			};
			name = Release;
		};
		1ABD28EA1ADFB83B00ADBE75 /* Debug */ = {
			isa = XCBuildConfiguration;
			buildSettings = {
				ASSETCATALOG_COMPILER_APPICON_NAME = AppIcon;
				INFOPLIST_FILE = mset/Info.plist;
				LD_RUNPATH_SEARCH_PATHS = "$(inherited) @executable_path/Frameworks";
				PRODUCT_NAME = "$(TARGET_NAME)";
			};
			name = Debug;
		};
		1ABD28EB1ADFB83B00ADBE75 /* Release */ = {
			isa = XCBuildConfiguration;
			buildSettings = {
				ASSETCATALOG_COMPILER_APPICON_NAME = AppIcon;
				INFOPLIST_FILE = mset/Info.plist;
				LD_RUNPATH_SEARCH_PATHS = "$(inherited) @executable_path/Frameworks";
				PRODUCT_NAME = "$(TARGET_NAME)";
			};
			name = Release;
		};
		1ABD28ED1ADFB83B00ADBE75 /* Debug */ = {
			isa = XCBuildConfiguration;
			buildSettings = {
				BUNDLE_LOADER = "$(TEST_HOST)";
				FRAMEWORK_SEARCH_PATHS = (
					"$(SDKROOT)/Developer/Library/Frameworks",
					"$(inherited)",
				);
				GCC_PREPROCESSOR_DEFINITIONS = (
					"DEBUG=1",
					"$(inherited)",
				);
				INFOPLIST_FILE = msetTests/Info.plist;
				LD_RUNPATH_SEARCH_PATHS = "$(inherited) @executable_path/Frameworks @loader_path/Frameworks";
				PRODUCT_NAME = "$(TARGET_NAME)";
				TEST_HOST = "$(BUILT_PRODUCTS_DIR)/mset.app/mset";
			};
			name = Debug;
		};
		1ABD28EE1ADFB83B00ADBE75 /* Release */ = {
			isa = XCBuildConfiguration;
			buildSettings = {
				BUNDLE_LOADER = "$(TEST_HOST)";
				FRAMEWORK_SEARCH_PATHS = (
					"$(SDKROOT)/Developer/Library/Frameworks",
					"$(inherited)",
				);
				INFOPLIST_FILE = msetTests/Info.plist;
				LD_RUNPATH_SEARCH_PATHS = "$(inherited) @executable_path/Frameworks @loader_path/Frameworks";
				PRODUCT_NAME = "$(TARGET_NAME)";
				TEST_HOST = "$(BUILT_PRODUCTS_DIR)/mset.app/mset";
			};
			name = Release;
		};
/* End XCBuildConfiguration section */

/* Begin XCConfigurationList section */
		1ABD28BD1ADFB83B00ADBE75 /* Build configuration list for PBXProject "mset" */ = {
			isa = XCConfigurationList;
			buildConfigurations = (
				1ABD28E71ADFB83B00ADBE75 /* Debug */,
				1ABD28E81ADFB83B00ADBE75 /* Release */,
			);
			defaultConfigurationIsVisible = 0;
			defaultConfigurationName = Release;
		};
		1ABD28E91ADFB83B00ADBE75 /* Build configuration list for PBXNativeTarget "mset" */ = {
			isa = XCConfigurationList;
			buildConfigurations = (
				1ABD28EA1ADFB83B00ADBE75 /* Debug */,
				1ABD28EB1ADFB83B00ADBE75 /* Release */,
			);
			defaultConfigurationIsVisible = 0;
			defaultConfigurationName = Release;
		};
		1ABD28EC1ADFB83B00ADBE75 /* Build configuration list for PBXNativeTarget "msetTests" */ = {
			isa = XCConfigurationList;
			buildConfigurations = (
				1ABD28ED1ADFB83B00ADBE75 /* Debug */,
				1ABD28EE1ADFB83B00ADBE75 /* Release */,
			);
			defaultConfigurationIsVisible = 0;
			defaultConfigurationName = Release;
		};
/* End XCConfigurationList section */
	};
	rootObject = 1ABD28BA1ADFB83B00ADBE75 /* Project object */;
}
